
Microsoft Visual Studio Solution File, Format Version 12.00
# Visual Studio Version 17
VisualStudioVersion = 17.1.32228.430
MinimumVisualStudioVersion = 10.0.40219.1
Project("{FAE04EC0-301F-11D3-BF4B-00C04F79EFBC}") = "telefonrehberuygulamasi2", "telefonrehberuygulamasi2\telefonrehberuygulamasi2.csproj", "{A8F8E817-DCB8-4B81-8943-6AEFDD51FDDC}"
EndProject
Global
	GlobalSection(SolutionConfigurationPlatforms) = preSolution
		Debug|Any CPU = Debug|Any CPU
		Release|Any CPU = Release|Any CPU
	EndGlobalSection
	GlobalSection(ProjectConfigurationPlatforms) = postSolution
		{A8F8E817-DCB8-4B81-8943-6AEFDD51FDDC}.Debug|Any CPU.ActiveCfg = Debug|Any CPU
		{A8F8E817-DCB8-4B81-8943-6AEFDD51FDDC}.Debug|Any CPU.Build.0 = Debug|Any CPU
		{A8F8E817-DCB8-4B81-8943-6AEFDD51FDDC}.Release|Any CPU.ActiveCfg = Release|Any CPU
		{A8F8E817-DCB8-4B81-8943-6AEFDD51FDDC}.Release|Any CPU.Build.0 = Release|Any CPU
	EndGlobalSection
	GlobalSection(SolutionProperties) = preSolution
		HideSolutionNode = FALSE
	EndGlobalSection
	GlobalSection(ExtensibilityGlobals) = postSolution
		SolutionGuid = {8AAB1D77-418F-4FDF-BFA3-179759CD4903}
	EndGlobalSection
EndGlobal
